
Microsoft Visual Studio Solution File, Format Version 12.00
# Visual Studio Version 17
VisualStudioVersion = 17.3.32922.545
MinimumVisualStudioVersion = 10.0.40219.1
Project("{FAE04EC0-301F-11D3-BF4B-00C04F79EFBC}") = "patients-api-net", "patients-api-net\patients-api-net.csproj", "{7B0192F3-A360-45EB-9985-33A2528EDBFD}"
EndProject
Global
	GlobalSection(SolutionConfigurationPlatforms) = preSolution
		Debug|Any CPU = Debug|Any CPU
		Release|Any CPU = Release|Any CPU
	EndGlobalSection
	GlobalSection(ProjectConfigurationPlatforms) = postSolution
		{7B0192F3-A360-45EB-9985-33A2528EDBFD}.Debug|Any CPU.ActiveCfg = Debug|Any CPU
		{7B0192F3-A360-45EB-9985-33A2528EDBFD}.Debug|Any CPU.Build.0 = Debug|Any CPU
		{7B0192F3-A360-45EB-9985-33A2528EDBFD}.Release|Any CPU.ActiveCfg = Release|Any CPU
		{7B0192F3-A360-45EB-9985-33A2528EDBFD}.Release|Any CPU.Build.0 = Release|Any CPU
	EndGlobalSection
	GlobalSection(SolutionProperties) = preSolution
		HideSolutionNode = FALSE
	EndGlobalSection
	GlobalSection(ExtensibilityGlobals) = postSolution
		SolutionGuid = {EF548110-0A2C-4BBF-A5ED-3CC06A5EB854}
	EndGlobalSection
EndGlobal
